
Microsoft Visual Studio Solution File, Format Version 12.00
# Visual Studio Version 17
VisualStudioVersion = 17.13.35806.99
MinimumVisualStudioVersion = 10.0.40219.1
Project("{FAE04EC0-301F-11D3-BF4B-00C04F79EFBC}") = "BulkyWeb", "BulkyWeb\BulkyWeb.csproj", "{57D468CE-02BE-4FC8-BE2D-10DD3A820666}"
EndProject
Project("{FAE04EC0-301F-11D3-BF4B-00C04F79EFBC}") = "BulkyWeb_Razp_Temp", "BulkyWeb_Razp_Temp\BulkyWeb_Razp_Temp.csproj", "{77D40323-0144-4893-95F7-32B06B346D05}"
EndProject
Global
	GlobalSection(SolutionConfigurationPlatforms) = preSolution
		Debug|Any CPU = Debug|Any CPU
		Release|Any CPU = Release|Any CPU
	EndGlobalSection
	GlobalSection(ProjectConfigurationPlatforms) = postSolution
		{57D468CE-02BE-4FC8-BE2D-10DD3A820666}.Debug|Any CPU.ActiveCfg = Debug|Any CPU
		{57D468CE-02BE-4FC8-BE2D-10DD3A820666}.Debug|Any CPU.Build.0 = Debug|Any CPU
		{57D468CE-02BE-4FC8-BE2D-10DD3A820666}.Release|Any CPU.ActiveCfg = Release|Any CPU
		{57D468CE-02BE-4FC8-BE2D-10DD3A820666}.Release|Any CPU.Build.0 = Release|Any CPU
		{77D40323-0144-4893-95F7-32B06B346D05}.Debug|Any CPU.ActiveCfg = Debug|Any CPU
		{77D40323-0144-4893-95F7-32B06B346D05}.Debug|Any CPU.Build.0 = Debug|Any CPU
		{77D40323-0144-4893-95F7-32B06B346D05}.Release|Any CPU.ActiveCfg = Release|Any CPU
		{77D40323-0144-4893-95F7-32B06B346D05}.Release|Any CPU.Build.0 = Release|Any CPU
	EndGlobalSection
	GlobalSection(SolutionProperties) = preSolution
		HideSolutionNode = FALSE
	EndGlobalSection
	GlobalSection(ExtensibilityGlobals) = postSolution
		SolutionGuid = {54991D64-379D-4323-95C2-D3905F8E886E}
	EndGlobalSection
EndGlobal
