
Microsoft Visual Studio Solution File, Format Version 12.00
# Visual Studio Version 17
VisualStudioVersion = 17.13.35806.99
MinimumVisualStudioVersion = 10.0.40219.1
Project("{FAE04EC0-301F-11D3-BF4B-00C04F79EFBC}") = "BulkyWeb", "BulkyWeb\BulkyWeb.csproj", "{57D468CE-02BE-4FC8-BE2D-10DD3A820666}"
EndProject
Project("{FAE04EC0-301F-11D3-BF4B-00C04F79EFBC}") = "Builky.DataAccess", "Builky.DataAccess\Builky.DataAccess.csproj", "{39C0B140-DA5E-447D-8B0C-EB65910262FB}"
EndProject
Project("{FAE04EC0-301F-11D3-BF4B-00C04F79EFBC}") = "Builky.Models", "Builky.Models\Builky.Models.csproj", "{1B6217F1-B360-42CF-B5CC-83FB4A2745C5}"
EndProject
Project("{FAE04EC0-301F-11D3-BF4B-00C04F79EFBC}") = "Builky.Utility", "Builky.Utility\Builky.Utility.csproj", "{1A4AF868-BE6D-4749-B8C4-D19EBBFA226E}"
EndProject
Global
	GlobalSection(SolutionConfigurationPlatforms) = preSolution
		Debug|Any CPU = Debug|Any CPU
		Release|Any CPU = Release|Any CPU
	EndGlobalSection
	GlobalSection(ProjectConfigurationPlatforms) = postSolution
		{57D468CE-02BE-4FC8-BE2D-10DD3A820666}.Debug|Any CPU.ActiveCfg = Debug|Any CPU
		{57D468CE-02BE-4FC8-BE2D-10DD3A820666}.Debug|Any CPU.Build.0 = Debug|Any CPU
		{57D468CE-02BE-4FC8-BE2D-10DD3A820666}.Release|Any CPU.ActiveCfg = Release|Any CPU
		{57D468CE-02BE-4FC8-BE2D-10DD3A820666}.Release|Any CPU.Build.0 = Release|Any CPU
		{39C0B140-DA5E-447D-8B0C-EB65910262FB}.Debug|Any CPU.ActiveCfg = Debug|Any CPU
		{39C0B140-DA5E-447D-8B0C-EB65910262FB}.Debug|Any CPU.Build.0 = Debug|Any CPU
		{39C0B140-DA5E-447D-8B0C-EB65910262FB}.Release|Any CPU.ActiveCfg = Release|Any CPU
		{39C0B140-DA5E-447D-8B0C-EB65910262FB}.Release|Any CPU.Build.0 = Release|Any CPU
		{1B6217F1-B360-42CF-B5CC-83FB4A2745C5}.Debug|Any CPU.ActiveCfg = Debug|Any CPU
		{1B6217F1-B360-42CF-B5CC-83FB4A2745C5}.Debug|Any CPU.Build.0 = Debug|Any CPU
		{1B6217F1-B360-42CF-B5CC-83FB4A2745C5}.Release|Any CPU.ActiveCfg = Release|Any CPU
		{1B6217F1-B360-42CF-B5CC-83FB4A2745C5}.Release|Any CPU.Build.0 = Release|Any CPU
		{1A4AF868-BE6D-4749-B8C4-D19EBBFA226E}.Debug|Any CPU.ActiveCfg = Debug|Any CPU
		{1A4AF868-BE6D-4749-B8C4-D19EBBFA226E}.Debug|Any CPU.Build.0 = Debug|Any CPU
		{1A4AF868-BE6D-4749-B8C4-D19EBBFA226E}.Release|Any CPU.ActiveCfg = Release|Any CPU
		{1A4AF868-BE6D-4749-B8C4-D19EBBFA226E}.Release|Any CPU.Build.0 = Release|Any CPU
	EndGlobalSection
	GlobalSection(SolutionProperties) = preSolution
		HideSolutionNode = FALSE
	EndGlobalSection
	GlobalSection(ExtensibilityGlobals) = postSolution
		SolutionGuid = {54991D64-379D-4323-95C2-D3905F8E886E}
	EndGlobalSection
EndGlobal
